
Microsoft Visual Studio Solution File, Format Version 9.00
# Visual Studio 2005
Project("{E24C65DC-7377-472B-9ABA-BC803B73C61A}") = "E:\duha\final\", ".", "{7B07346A-4486-47FE-B7BA-F2395479FCE2}"
	ProjectSection(WebsiteProperties) = preProject
		Debug.AspNetCompiler.VirtualPath = "/final ECommerce"
		Debug.AspNetCompiler.PhysicalPath = "..\..\..\..\..\..\final ECommerce\"
		Debug.AspNetCompiler.TargetPath = "PrecompiledWeb\final ECommerce\"
		Debug.AspNetCompiler.Updateable = "true"
		Debug.AspNetCompiler.ForceOverwrite = "true"
		Debug.AspNetCompiler.FixedNames = "false"
		Debug.AspNetCompiler.Debug = "True"
		Release.AspNetCompiler.VirtualPath = "/final ECommerce"
		Release.AspNetCompiler.PhysicalPath = "..\..\..\..\..\..\final ECommerce\"
		Release.AspNetCompiler.TargetPath = "PrecompiledWeb\final ECommerce\"
		Release.AspNetCompiler.Updateable = "true"
		Release.AspNetCompiler.ForceOverwrite = "true"
		Release.AspNetCompiler.FixedNames = "false"
		Release.AspNetCompiler.Debug = "False"
		VWDPort = "49566"
	EndProjectSection
EndProject
Global
	GlobalSection(SolutionConfigurationPlatforms) = preSolution
		Debug|.NET = Debug|.NET
	EndGlobalSection
	GlobalSection(ProjectConfigurationPlatforms) = postSolution
		{7B07346A-4486-47FE-B7BA-F2395479FCE2}.Debug|.NET.ActiveCfg = Debug|.NET
		{7B07346A-4486-47FE-B7BA-F2395479FCE2}.Debug|.NET.Build.0 = Debug|.NET
	EndGlobalSection
	GlobalSection(SolutionProperties) = preSolution
		HideSolutionNode = FALSE
	EndGlobalSection
EndGlobal
